
Microsoft Visual Studio Solution File, Format Version 12.00
# Visual Studio Version 16
VisualStudioVersion = 16.0.32802.440
MinimumVisualStudioVersion = 10.0.40219.1
Project("{FAE04EC0-301F-11D3-BF4B-00C04F79EFBC}") = "PaymentAPI", "PaymentAPI\PaymentAPI.csproj", "{27827BD5-3C78-4F6E-A6C4-0101A44CFFFE}"
EndProject
Global
	GlobalSection(SolutionConfigurationPlatforms) = preSolution
		Debug|Any CPU = Debug|Any CPU
		Release|Any CPU = Release|Any CPU
	EndGlobalSection
	GlobalSection(ProjectConfigurationPlatforms) = postSolution
		{27827BD5-3C78-4F6E-A6C4-0101A44CFFFE}.Debug|Any CPU.ActiveCfg = Debug|Any CPU
		{27827BD5-3C78-4F6E-A6C4-0101A44CFFFE}.Debug|Any CPU.Build.0 = Debug|Any CPU
		{27827BD5-3C78-4F6E-A6C4-0101A44CFFFE}.Release|Any CPU.ActiveCfg = Release|Any CPU
		{27827BD5-3C78-4F6E-A6C4-0101A44CFFFE}.Release|Any CPU.Build.0 = Release|Any CPU
	EndGlobalSection
	GlobalSection(SolutionProperties) = preSolution
		HideSolutionNode = FALSE
	EndGlobalSection
	GlobalSection(ExtensibilityGlobals) = postSolution
		SolutionGuid = {807178D8-D5B3-4612-971C-B2D876ECFA68}
	EndGlobalSection
EndGlobal
